
# cargo-vet imports lock

[[publisher.aho-corasick]]
version = "1.1.2"
when = "2023-10-09"
user-id = 189
user-login = "BurntSushi"
user-name = "Andrew Gallant"

[[publisher.anyhow]]
version = "1.0.75"
when = "2023-08-17"
user-id = 3618
user-login = "dtolnay"
user-name = "David Tolnay"

[[publisher.buffered-reader]]
version = "1.3.0"
when = "2023-10-26"
user-id = 33886
user-login = "nwalfield"
user-name = "Neal H. Walfield"

[[publisher.bzip2]]
version = "0.4.4"
when = "2023-01-05"
user-id = 1
user-login = "alexcrichton"
user-name = "Alex Crichton"

[[publisher.bzip2-sys]]
version = "0.1.11+1.0.8"
when = "2021-06-09"
user-id = 1
user-login = "alexcrichton"
user-name = "Alex Crichton"

[[publisher.core-foundation-sys]]
version = "0.8.4"
when = "2023-04-03"
user-id = 5946
user-login = "jrmuizel"
user-name = "Jeff Muizelaar"

[[publisher.dyn-clone]]
version = "1.0.14"
when = "2023-09-19"
user-id = 3618
user-login = "dtolnay"
user-name = "David Tolnay"

[[publisher.either]]
version = "1.9.0"
when = "2023-07-22"
user-id = 539
user-login = "cuviper"
user-name = "Josh Stone"

[[publisher.equivalent]]
version = "1.0.1"
when = "2023-07-10"
user-id = 539
user-login = "cuviper"
user-name = "Josh Stone"

[[publisher.errno]]
version = "0.3.5"
when = "2023-10-08"
user-id = 6825
user-login = "sunfishcode"
user-name = "Dan Gohman"

[[publisher.hashbrown]]
version = "0.14.1"
when = "2023-09-29"
user-id = 2915
user-login = "Amanieu"
user-name = "Amanieu d'Antras"

[[publisher.indexmap]]
version = "2.0.2"
when = "2023-09-29"
user-id = 539
user-login = "cuviper"
user-name = "Josh Stone"

[[publisher.indoc]]
version = "1.0.9"
when = "2023-01-29"
user-id = 3618
user-login = "dtolnay"
user-name = "David Tolnay"

[[publisher.is-terminal]]
version = "0.4.12"
when = "2024-02-09"
user-id = 6825
user-login = "sunfishcode"
user-name = "Dan Gohman"

[[publisher.lalrpop]]
version = "0.19.10"
when = "2023-04-24"
user-id = 1386
user-login = "nikomatsakis"
user-name = "Niko Matsakis"

[[publisher.linux-raw-sys]]
version = "0.4.10"
when = "2023-10-09"
user-id = 6825
user-login = "sunfishcode"
user-name = "Dan Gohman"

[[publisher.lock_api]]
version = "0.4.10"
when = "2023-06-05"
user-id = 2915
user-login = "Amanieu"
user-name = "Amanieu d'Antras"

[[publisher.memchr]]
version = "2.6.4"
when = "2023-10-01"
user-id = 189
user-login = "BurntSushi"
user-name = "Andrew Gallant"

[[publisher.num-traits]]
version = "0.2.17"
when = "2023-10-07"
user-id = 539
user-login = "cuviper"
user-name = "Josh Stone"

[[publisher.openssl]]
version = "0.10.60"
when = "2023-11-23"
user-id = 163
user-login = "alex"
user-name = "Alex Gaynor"

[[publisher.openssl-sys]]
version = "0.9.96"
when = "2023-11-23"
user-id = 163
user-login = "alex"
user-name = "Alex Gaynor"

[[publisher.parking_lot]]
version = "0.12.1"
when = "2022-05-31"
user-id = 2915
user-login = "Amanieu"
user-name = "Amanieu d'Antras"

[[publisher.parking_lot_core]]
version = "0.9.8"
when = "2023-06-05"
user-id = 2915
user-login = "Amanieu"
user-name = "Amanieu d'Antras"

[[publisher.proc-macro2]]
version = "1.0.69"
when = "2023-10-09"
user-id = 3618
user-login = "dtolnay"
user-name = "David Tolnay"

[[publisher.quote]]
version = "1.0.33"
when = "2023-08-17"
user-id = 3618
user-login = "dtolnay"
user-name = "David Tolnay"

[[publisher.regex]]
version = "1.10.0"
when = "2023-10-09"
user-id = 189
user-login = "BurntSushi"
user-name = "Andrew Gallant"

[[publisher.regex-automata]]
version = "0.4.1"
when = "2023-10-09"
user-id = 189
user-login = "BurntSushi"
user-name = "Andrew Gallant"

[[publisher.regex-syntax]]
version = "0.7.5"
when = "2023-08-26"
user-id = 189
user-login = "BurntSushi"
user-name = "Andrew Gallant"

[[publisher.regex-syntax]]
version = "0.8.0"
when = "2023-10-09"
user-id = 189
user-login = "BurntSushi"
user-name = "Andrew Gallant"

[[publisher.rustix]]
version = "0.38.21"
when = "2023-10-26"
user-id = 6825
user-login = "sunfishcode"
user-name = "Dan Gohman"

[[publisher.rustversion]]
version = "1.0.14"
when = "2023-07-15"
user-id = 3618
user-login = "dtolnay"
user-name = "David Tolnay"

[[publisher.scopeguard]]
version = "1.2.0"
when = "2023-07-17"
user-id = 2915
user-login = "Amanieu"
user-name = "Amanieu d'Antras"

[[publisher.sequoia-openpgp]]
version = "1.21.1"
when = "2024-06-28"
user-id = 33711
user-login = "teythoon"
user-name = "Justus Winter"

[[publisher.sha1collisiondetection]]
version = "0.3.1"
when = "2023-09-13"
user-id = 33711
user-login = "teythoon"
user-name = "Justus Winter"

[[publisher.syn]]
version = "1.0.109"
when = "2023-02-24"
user-id = 3618
user-login = "dtolnay"
user-name = "David Tolnay"

[[publisher.syn]]
version = "2.0.38"
when = "2023-10-05"
user-id = 3618
user-login = "dtolnay"
user-name = "David Tolnay"

[[publisher.target-lexicon]]
version = "0.12.11"
when = "2023-07-31"
user-id = 6825
user-login = "sunfishcode"
user-name = "Dan Gohman"

[[publisher.thiserror]]
version = "1.0.49"
when = "2023-09-27"
user-id = 3618
user-login = "dtolnay"
user-name = "David Tolnay"

[[publisher.thiserror-impl]]
version = "1.0.49"
when = "2023-09-27"
user-id = 3618
user-login = "dtolnay"
user-name = "David Tolnay"

[[publisher.unicode-ident]]
version = "1.0.12"
when = "2023-09-13"
user-id = 3618
user-login = "dtolnay"
user-name = "David Tolnay"

[[publisher.unindent]]
version = "0.1.11"
when = "2022-12-17"
user-id = 3618
user-login = "dtolnay"
user-name = "David Tolnay"

[[audits.bytecode-alliance.audits.adler]]
who = "Alex Crichton <alex@alexcrichton.com>"
criteria = "safe-to-deploy"
version = "1.0.2"
notes = "This is a small crate which forbids unsafe code and is a straightforward implementation of the adler hashing algorithm."

[[audits.bytecode-alliance.audits.base64]]
who = "Pat Hickey <phickey@fastly.com>"
criteria = "safe-to-deploy"
version = "0.21.0"
notes = "This crate has no dependencies, no build.rs, and contains no unsafe code."

[[audits.bytecode-alliance.audits.block-buffer]]
who = "Benjamin Bouvier <public@benj.me>"
criteria = "safe-to-deploy"
delta = "0.9.0 -> 0.10.2"

[[audits.bytecode-alliance.audits.cfg-if]]
who = "Alex Crichton <alex@alexcrichton.com>"
criteria = "safe-to-deploy"
version = "1.0.0"
notes = "I am the author of this crate."

[[audits.bytecode-alliance.audits.crypto-common]]
who = "Benjamin Bouvier <public@benj.me>"
criteria = "safe-to-deploy"
version = "0.1.3"

[[audits.bytecode-alliance.audits.digest]]
who = "Benjamin Bouvier <public@benj.me>"
criteria = "safe-to-deploy"
delta = "0.9.0 -> 0.10.3"

[[audits.bytecode-alliance.audits.fastrand]]
who = "Alex Crichton <alex@alexcrichton.com>"
criteria = "safe-to-deploy"
delta = "2.0.0 -> 2.0.1"
notes = """
This update had a few doc updates but no otherwise-substantial source code
updates.
"""

[[audits.bytecode-alliance.audits.foreign-types]]
who = "Pat Hickey <phickey@fastly.com>"
criteria = "safe-to-deploy"
version = "0.3.2"
notes = "This crate defined a macro-rules which creates wrappers working with FFI types. The implementation of this crate appears to be safe, but each use of this macro would need to be vetted for correctness as well."

[[audits.bytecode-alliance.audits.foreign-types-shared]]
who = "Pat Hickey <phickey@fastly.com>"
criteria = "safe-to-deploy"
version = "0.1.1"

[[audits.bytecode-alliance.audits.idna]]
who = "Alex Crichton <alex@alexcrichton.com>"
criteria = "safe-to-deploy"
version = "0.3.0"
notes = """
This is a crate without unsafe code or usage of the standard library. The large
size of this crate comes from the large generated unicode tables file. This
crate is broadly used throughout the ecosystem and does not contain anything
suspicious.
"""

[[audits.bytecode-alliance.audits.libc]]
who = "Alex Crichton <alex@alexcrichton.com>"
criteria = "safe-to-deploy"
delta = "0.2.146 -> 0.2.147"
notes = "Only new type definitions and updating others for some platforms, no major changes"

[[audits.bytecode-alliance.audits.libc]]
who = "Alex Crichton <alex@alexcrichton.com>"
criteria = "safe-to-deploy"
delta = "0.2.148 -> 0.2.149"
notes = "Lots of new functions and constants for new platforms and nothing out of the ordinary for what one would expect of the `libc` crate."

[[audits.bytecode-alliance.audits.memoffset]]
who = "Alex Crichton <alex@alexcrichton.com>"
criteria = "safe-to-deploy"
delta = "0.7.1 -> 0.8.0"
notes = "This was a small update to the crate which has to do with Rust language features and compiler versions, no substantial changes."

[[audits.bytecode-alliance.audits.miniz_oxide]]
who = "Alex Crichton <alex@alexcrichton.com>"
criteria = "safe-to-deploy"
version = "0.7.1"
notes = """
This crate is a Rust implementation of zlib compression/decompression and has
been used by default by the Rust standard library for quite some time. It's also
a default dependency of the popular `backtrace` crate for decompressing debug
information. This crate forbids unsafe code and does not otherwise access system
resources. It's originally a port of the `miniz.c` library as well, and given
its own longevity should be relatively hardened against some of the more common
compression-related issues.
"""

[[audits.bytecode-alliance.audits.openssl-macros]]
who = "Pat Hickey <phickey@fastly.com>"
criteria = "safe-to-deploy"
version = "0.1.0"

[[audits.bytecode-alliance.audits.tempfile]]
who = "Alex Crichton <alex@alexcrichton.com>"
criteria = "safe-to-deploy"
delta = "3.5.0 -> 3.6.0"
notes = "Dependency updates and new optimized trait implementations, but otherwise everything looks normal."

[[audits.bytecode-alliance.audits.tinyvec]]
who = "Alex Crichton <alex@alexcrichton.com>"
criteria = "safe-to-deploy"
version = "1.6.0"
notes = """
This crate, while it implements collections, does so without `std::*` APIs and
without `unsafe`. Skimming the crate everything looks reasonable and what one
would expect from idiomatic safe collections in Rust.
"""

[[audits.bytecode-alliance.audits.tinyvec_macros]]
who = "Alex Crichton <alex@alexcrichton.com>"
criteria = "safe-to-deploy"
version = "0.1.0"
notes = """
This is a trivial crate which only contains a singular macro definition which is
intended to multiplex across the internal representation of a tinyvec,
presumably. This trivially doesn't contain anything bad.
"""

[[audits.bytecode-alliance.audits.unicode-bidi]]
who = "Alex Crichton <alex@alexcrichton.com>"
criteria = "safe-to-deploy"
version = "0.3.8"
notes = """
This crate has no unsafe code and does not use `std::*`. Skimming the crate it
does not attempt to out of the bounds of what it's already supposed to be doing.
"""

[[audits.bytecode-alliance.audits.vcpkg]]
who = "Pat Hickey <phickey@fastly.com>"
criteria = "safe-to-deploy"
version = "0.2.15"
notes = "no build.rs, no macros, no unsafe. It reads the filesystem and makes copies of DLLs into OUT_DIR."

[[audits.google.audits.bitflags]]
who = "Dennis Kempin <denniskempin@google.com>"
criteria = "safe-to-run"
delta = "1.3.2 -> 2.2.1"
aggregated-from = "https://chromium.googlesource.com/chromiumos/third_party/rust_crates/+/refs/heads/main/cargo-vet/audits.toml?format=TEXT"

[[audits.google.audits.bitflags]]
who = "George Burgess IV <gbiv@google.com>"
criteria = "safe-to-run"
delta = "2.3.2 -> 2.4.0"
aggregated-from = "https://chromium.googlesource.com/chromiumos/third_party/rust_crates/+/refs/heads/main/cargo-vet/audits.toml?format=TEXT"

[[audits.google.audits.cc]]
who = "George Burgess IV <gbiv@google.com>"
criteria = "safe-to-run"
version = "1.0.79"
aggregated-from = "https://chromium.googlesource.com/chromiumos/third_party/rust_crates/+/refs/heads/main/cargo-vet/audits.toml?format=TEXT"

[[audits.google.audits.cc]]
who = "George Burgess IV <gbiv@google.com>"
criteria = "safe-to-run"
delta = "1.0.79 -> 1.0.82"
aggregated-from = "https://chromium.googlesource.com/chromiumos/third_party/rust_crates/+/refs/heads/main/cargo-vet/audits.toml?format=TEXT"

[[audits.google.audits.cc]]
who = "George Burgess IV <gbiv@google.com>"
criteria = "safe-to-run"
delta = "1.0.82 -> 1.0.83"
aggregated-from = "https://chromium.googlesource.com/chromiumos/third_party/rust_crates/+/refs/heads/main/cargo-vet/audits.toml?format=TEXT"

[[audits.google.audits.chrono]]
who = "ChromeOS"
criteria = "safe-to-run"
version = "0.4.23"
aggregated-from = "https://chromium.googlesource.com/chromiumos/third_party/rust_crates/+/refs/heads/main/cargo-vet/audits.toml?format=TEXT"

[[audits.google.audits.chrono]]
who = "George Burgess IV <gbiv@google.com>"
criteria = "safe-to-run"
delta = "0.4.23 -> 0.4.24"
aggregated-from = "https://chromium.googlesource.com/chromiumos/third_party/rust_crates/+/refs/heads/main/cargo-vet/audits.toml?format=TEXT"

[[audits.google.audits.chrono]]
who = "George Burgess IV <gbiv@google.com>"
criteria = "safe-to-run"
delta = "0.4.24 -> 0.4.26"
aggregated-from = "https://chromium.googlesource.com/chromiumos/third_party/rust_crates/+/refs/heads/main/cargo-vet/audits.toml?format=TEXT"

[[audits.google.audits.fastrand]]
who = "George Burgess IV <gbiv@google.com>"
criteria = "safe-to-deploy"
version = "1.9.0"
notes = """
`does-not-implement-crypto` is certified because this crate explicitly says
that the RNG here is not cryptographically secure.
"""
aggregated-from = "https://chromium.googlesource.com/chromiumos/third_party/rust_crates/+/refs/heads/main/cargo-vet/audits.toml?format=TEXT"

[[audits.google.audits.flate2]]
who = "George Burgess IV <gbiv@google.com>"
criteria = "safe-to-run"
version = "1.0.26"
aggregated-from = "https://chromium.googlesource.com/chromiumos/third_party/rust_crates/+/refs/heads/main/cargo-vet/audits.toml?format=TEXT"

[[audits.google.audits.flate2]]
who = "George Burgess IV <gbiv@google.com>"
criteria = "safe-to-run"
delta = "1.0.26 -> 1.0.27"
notes = """
There is a CRC implementation in here, but those are not considered crypto.
Further, it's only used in tests internal to this crate.
"""
aggregated-from = "https://chromium.googlesource.com/chromiumos/third_party/rust_crates/+/refs/heads/main/cargo-vet/audits.toml?format=TEXT"

[[audits.google.audits.getrandom]]
who = "George Burgess IV <gbiv@google.com>"
criteria = "safe-to-run"
version = "0.2.10"
notes = """
While this crate provides crypto methods, they all defer to system or hardware
crypto implementations. Hence, this crate does not implement crypto.
"""
aggregated-from = "https://chromium.googlesource.com/chromiumos/third_party/rust_crates/+/refs/heads/main/cargo-vet/audits.toml?format=TEXT"

[[audits.google.audits.itertools]]
who = "ChromeOS"
criteria = "safe-to-run"
version = "0.10.5"
aggregated-from = "https://chromium.googlesource.com/chromiumos/third_party/rust_crates/+/refs/heads/main/cargo-vet/audits.toml?format=TEXT"

[[audits.google.audits.lazy_static]]
who = "Android Legacy"
criteria = "safe-to-run"
version = "1.4.0"
aggregated-from = "https://chromium.googlesource.com/chromiumos/third_party/rust_crates/+/refs/heads/main/cargo-vet/audits.toml?format=TEXT"

[[audits.google.audits.libc]]
who = "George Burgess IV <gbiv@google.com>"
criteria = "safe-to-run"
version = "0.2.146"
notes = """
Much like the getrandom crate, this exports interfaces to APIs which perform
crypto, but does not implement any crypto itself.
"""
aggregated-from = "https://chromium.googlesource.com/chromiumos/third_party/rust_crates/+/refs/heads/main/cargo-vet/audits.toml?format=TEXT"

[[audits.google.audits.log]]
who = "ChromeOS"
criteria = "safe-to-run"
version = "0.4.17"
aggregated-from = "https://chromium.googlesource.com/chromiumos/third_party/rust_crates/+/refs/heads/main/cargo-vet/audits.toml?format=TEXT"

[[audits.google.audits.log]]
who = "George Burgess IV <gbiv@google.com>"
criteria = "safe-to-run"
delta = "0.4.17 -> 0.4.20"
aggregated-from = "https://chromium.googlesource.com/chromiumos/third_party/rust_crates/+/refs/heads/main/cargo-vet/audits.toml?format=TEXT"

[[audits.google.audits.memoffset]]
who = "Dennis Kempin <denniskempin@google.com>"
criteria = "safe-to-run"
delta = "0.6.5 -> 0.7.1"
aggregated-from = "https://chromium.googlesource.com/chromiumos/third_party/rust_crates/+/refs/heads/main/cargo-vet/audits.toml?format=TEXT"

[[audits.google.audits.once_cell]]
who = "crosvm"
criteria = "safe-to-run"
version = "1.17.0"
aggregated-from = "https://chromium.googlesource.com/chromiumos/third_party/rust_crates/+/refs/heads/main/cargo-vet/audits.toml?format=TEXT"

[[audits.google.audits.once_cell]]
who = "George Burgess IV <gbiv@google.com>"
criteria = "safe-to-run"
delta = "1.17.0 -> 1.18.0"
aggregated-from = "https://chromium.googlesource.com/chromiumos/third_party/rust_crates/+/refs/heads/main/cargo-vet/audits.toml?format=TEXT"

[[audits.google.audits.openssl-macros]]
who = "George Burgess IV <gbiv@google.com>"
criteria = "safe-to-deploy"
delta = "0.1.0 -> 0.1.1"
aggregated-from = "https://chromium.googlesource.com/chromiumos/third_party/rust_crates/+/refs/heads/main/cargo-vet/audits.toml?format=TEXT"

[[audits.google.audits.petgraph]]
who = "ChromeOS"
criteria = "safe-to-run"
version = "0.6.2"
aggregated-from = "https://chromium.googlesource.com/chromiumos/third_party/rust_crates/+/refs/heads/main/cargo-vet/audits.toml?format=TEXT"

[[audits.google.audits.pkg-config]]
who = "Alexandre Courbot <acourbot@chromium.org>"
criteria = "safe-to-run"
version = "0.3.26"
aggregated-from = "https://chromium.googlesource.com/chromiumos/third_party/rust_crates/+/refs/heads/main/cargo-vet/audits.toml?format=TEXT"

[[audits.google.audits.smallvec]]
who = "Android Legacy"
criteria = "safe-to-run"
version = "1.6.1"
aggregated-from = "https://chromium.googlesource.com/chromiumos/third_party/rust_crates/+/refs/heads/main/cargo-vet/audits.toml?format=TEXT"

[[audits.google.audits.tempfile]]
who = "George Burgess IV <gbiv@google.com>"
criteria = "safe-to-run"
version = "3.4.0"
aggregated-from = "https://chromium.googlesource.com/chromiumos/third_party/rust_crates/+/refs/heads/main/cargo-vet/audits.toml?format=TEXT"

[[audits.google.audits.unicode-normalization]]
who = "George Burgess IV <gbiv@google.com>"
criteria = "safe-to-run"
version = "0.1.22"
aggregated-from = "https://chromium.googlesource.com/chromiumos/third_party/rust_crates/+/refs/heads/main/cargo-vet/audits.toml?format=TEXT"

[[audits.google.audits.unicode-xid]]
who = "George Burgess IV <gbiv@google.com>"
criteria = "safe-to-deploy"
version = "0.2.4"
aggregated-from = "https://chromium.googlesource.com/chromiumos/third_party/rust_crates/+/refs/heads/main/cargo-vet/audits.toml?format=TEXT"

[[audits.google.audits.version_check]]
who = "George Burgess IV <gbiv@google.com>"
criteria = "safe-to-deploy"
version = "0.9.4"
aggregated-from = "https://chromium.googlesource.com/chromiumos/third_party/rust_crates/+/refs/heads/main/cargo-vet/audits.toml?format=TEXT"

[[audits.isrg.audits.base64]]
who = "Tim Geoghegan <timg@letsencrypt.org>"
criteria = "safe-to-deploy"
delta = "0.21.0 -> 0.21.1"

[[audits.isrg.audits.base64]]
who = "Brandon Pitman <bran@bran.land>"
criteria = "safe-to-deploy"
delta = "0.21.1 -> 0.21.2"

[[audits.isrg.audits.base64]]
who = "David Cook <dcook@divviup.org>"
criteria = "safe-to-deploy"
delta = "0.21.2 -> 0.21.3"

[[audits.isrg.audits.base64]]
who = "Ameer Ghani <inahga@divviup.org>"
criteria = "safe-to-run"
delta = "0.21.3 -> 0.21.4"

[[audits.isrg.audits.block-buffer]]
who = "David Cook <dcook@divviup.org>"
criteria = "safe-to-deploy"
version = "0.9.0"

[[audits.isrg.audits.crunchy]]
who = "David Cook <dcook@divviup.org>"
criteria = "safe-to-deploy"
version = "0.2.2"

[[audits.isrg.audits.digest]]
who = "David Cook <dcook@divviup.org>"
criteria = "safe-to-deploy"
delta = "0.10.6 -> 0.10.7"

[[audits.mozilla.wildcard-audits.core-foundation-sys]]
who = "Bobby Holley <bobbyholley@gmail.com>"
criteria = "safe-to-deploy"
user-id = 5946 # Jeff Muizelaar (jrmuizel)
start = "2020-10-14"
end = "2023-05-04"
renew = false
notes = "I've reviewed every source contribution that was neither authored nor reviewed by Mozilla."
aggregated-from = "https://hg.mozilla.org/mozilla-central/raw-file/tip/supply-chain/audits.toml"

[[audits.mozilla.audits.android_system_properties]]
who = "Nicolas Silva <nical@fastmail.com>"
criteria = "safe-to-deploy"
version = "0.1.2"
notes = "I wrote this crate, reviewed by jimb. It is mostly a Rust port of some C++ code we already ship."
aggregated-from = "https://hg.mozilla.org/mozilla-central/raw-file/tip/supply-chain/audits.toml"

[[audits.mozilla.audits.android_system_properties]]
who = "Mike Hommey <mh+mozilla@glandium.org>"
criteria = "safe-to-deploy"
delta = "0.1.2 -> 0.1.4"
aggregated-from = "https://hg.mozilla.org/mozilla-central/raw-file/tip/supply-chain/audits.toml"

[[audits.mozilla.audits.android_system_properties]]
who = "Mike Hommey <mh+mozilla@glandium.org>"
criteria = "safe-to-deploy"
delta = "0.1.4 -> 0.1.5"
aggregated-from = "https://hg.mozilla.org/mozilla-central/raw-file/tip/supply-chain/audits.toml"

[[audits.mozilla.audits.autocfg]]
who = "Josh Stone <jistone@redhat.com>"
criteria = "safe-to-deploy"
version = "1.1.0"
notes = "All code written or reviewed by Josh Stone."
aggregated-from = "https://hg.mozilla.org/mozilla-central/raw-file/tip/supply-chain/audits.toml"

[[audits.mozilla.audits.bit-set]]
who = "Aria Beingessner <a.beingessner@gmail.com>"
criteria = "safe-to-deploy"
version = "0.5.2"
notes = "Another crate I own via contain-rs that is ancient and maintenance mode, no known issues."
aggregated-from = "https://hg.mozilla.org/mozilla-central/raw-file/tip/supply-chain/audits.toml"

[[audits.mozilla.audits.bit-set]]
who = "Mike Hommey <mh+mozilla@glandium.org>"
criteria = "safe-to-deploy"
delta = "0.5.2 -> 0.5.3"
aggregated-from = "https://hg.mozilla.org/mozilla-central/raw-file/tip/supply-chain/audits.toml"

[[audits.mozilla.audits.bit-vec]]
who = "Aria Beingessner <a.beingessner@gmail.com>"
criteria = "safe-to-deploy"
version = "0.6.3"
notes = "Another crate I own via contain-rs that is ancient and in maintenance mode but otherwise perfectly fine."
aggregated-from = "https://hg.mozilla.org/mozilla-central/raw-file/tip/supply-chain/audits.toml"

[[audits.mozilla.audits.bitflags]]
who = "Teodor Tanasoaia <ttanasoaia@mozilla.com>"
criteria = "safe-to-deploy"
delta = "2.2.1 -> 2.3.2"
aggregated-from = "https://hg.mozilla.org/mozilla-central/raw-file/tip/supply-chain/audits.toml"

[[audits.mozilla.audits.block-buffer]]
who = "Mike Hommey <mh+mozilla@glandium.org>"
criteria = "safe-to-deploy"
delta = "0.10.2 -> 0.10.3"
aggregated-from = "https://hg.mozilla.org/mozilla-central/raw-file/tip/supply-chain/audits.toml"

[[audits.mozilla.audits.crypto-common]]
who = "Mike Hommey <mh+mozilla@glandium.org>"
criteria = "safe-to-deploy"
delta = "0.1.3 -> 0.1.6"
aggregated-from = "https://hg.mozilla.org/mozilla-central/raw-file/tip/supply-chain/audits.toml"

[[audits.mozilla.audits.digest]]
who = "Mike Hommey <mh+mozilla@glandium.org>"
criteria = "safe-to-deploy"
delta = "0.10.3 -> 0.10.6"
aggregated-from = "https://hg.mozilla.org/mozilla-central/raw-file/tip/supply-chain/audits.toml"

[[audits.mozilla.audits.fastrand]]
who = "Mike Hommey <mh+mozilla@glandium.org>"
criteria = "safe-to-deploy"
delta = "1.9.0 -> 2.0.0"
aggregated-from = "https://hg.mozilla.org/mozilla-central/raw-file/tip/supply-chain/audits.toml"

[[audits.mozilla.audits.idna]]
who = "Valentin Gosu <valentin.gosu@gmail.com>"
criteria = "safe-to-deploy"
delta = "0.4.0 -> 0.5.0"
aggregated-from = "https://hg.mozilla.org/mozilla-central/raw-file/tip/supply-chain/audits.toml"

[[audits.mozilla.audits.libc]]
who = "Mike Hommey <mh+mozilla@glandium.org>"
criteria = "safe-to-deploy"
delta = "0.2.147 -> 0.2.148"
aggregated-from = "https://hg.mozilla.org/mozilla-central/raw-file/tip/supply-chain/audits.toml"

[[audits.mozilla.audits.new_debug_unreachable]]
who = "Bobby Holley <bobbyholley@gmail.com>"
criteria = "safe-to-deploy"
version = "1.0.4"
notes = "This is a trivial crate."
aggregated-from = "https://hg.mozilla.org/mozilla-central/raw-file/tip/supply-chain/audits.toml"

[[audits.mozilla.audits.precomputed-hash]]
who = "Bobby Holley <bobbyholley@gmail.com>"
criteria = "safe-to-deploy"
version = "0.1.1"
notes = "This is a trivial crate."
aggregated-from = "https://hg.mozilla.org/mozilla-central/raw-file/tip/supply-chain/audits.toml"

[[audits.mozilla.audits.tempfile]]
who = "Jan-Erik Rediger <jrediger@mozilla.com>"
criteria = "safe-to-deploy"
delta = "3.4.0 -> 3.5.0"
aggregated-from = "https://raw.githubusercontent.com/mozilla/glean/main/supply-chain/audits.toml"

[[audits.mozilla.audits.tempfile]]
who = "Mike Hommey <mh+mozilla@glandium.org>"
criteria = "safe-to-deploy"
delta = "3.6.0 -> 3.8.0"
aggregated-from = "https://hg.mozilla.org/mozilla-central/raw-file/tip/supply-chain/audits.toml"

[[audits.mozilla.audits.typenum]]
who = "Mike Hommey <mh+mozilla@glandium.org>"
criteria = "safe-to-deploy"
delta = "1.15.0 -> 1.16.0"
aggregated-from = "https://hg.mozilla.org/mozilla-central/raw-file/tip/supply-chain/audits.toml"

[[audits.mozilla.audits.unicode-bidi]]
who = "Makoto Kato <m_kato@ga2.so-net.ne.jp>"
criteria = "safe-to-deploy"
delta = "0.3.8 -> 0.3.13"
aggregated-from = "https://hg.mozilla.org/mozilla-central/raw-file/tip/supply-chain/audits.toml"

[audits.securedrop.audits]

[[audits.zcash.audits.block-buffer]]
who = "Jack Grigg <jack@electriccoin.co>"
criteria = "safe-to-deploy"
delta = "0.10.3 -> 0.10.4"
notes = "Adds panics to prevent a block size of zero from causing unsoundness."
aggregated-from = "https://raw.githubusercontent.com/zcash/zcash/master/qa/supply-chain/audits.toml"

[[audits.zcash.audits.generic-array]]
who = "Sean Bowe <ewillbefull@gmail.com>"
criteria = "safe-to-deploy"
delta = "0.14.6 -> 0.14.7"
aggregated-from = "https://raw.githubusercontent.com/zcash/zcash/master/qa/supply-chain/audits.toml"

[[audits.zcash.audits.siphasher]]
who = "Jack Grigg <jack@electriccoin.co>"
criteria = "safe-to-deploy"
delta = "0.3.10 -> 0.3.11"
aggregated-from = "https://raw.githubusercontent.com/zcash/zcash/master/qa/supply-chain/audits.toml"

[[audits.zcash.audits.tinyvec_macros]]
who = "Jack Grigg <jack@z.cash>"
criteria = "safe-to-deploy"
delta = "0.1.0 -> 0.1.1"
notes = "Adds `#![forbid(unsafe_code)]` and license files."
aggregated-from = "https://raw.githubusercontent.com/zcash/zcash/master/qa/supply-chain/audits.toml"

[[audits.zcash.audits.typenum]]
who = "Jack Grigg <jack@electriccoin.co>"
criteria = "safe-to-deploy"
delta = "1.16.0 -> 1.17.0"
aggregated-from = "https://raw.githubusercontent.com/zcash/zcash/master/qa/supply-chain/audits.toml"
