---
  # If the grsec package is installed (via common role) and the grsec_lock is
  # not present reboot the system, to boot into the grsec kernel.
- name: Restart machine if the grsec lock sysctl option does not exist.
  shell: shutdown -r now "Ansible restart to boot into grsec kernel"
  async: 0
  poll: 0
  ignore_errors: true
  when: not running_grsec.stat.exists
  sudo: yes
  tags:
    - reboot

- name: Wait for server to come back.
  local_action: wait_for
  args:
    host: "{{ ansible_ssh_host|default(inventory_hostname) }}"
    port: "{{ ansible_ssh_port|default(ansible_port|default(22)) }}"
    delay: 45
    search_regex: OpenSSH
    state: started
  when: not running_grsec.stat.exists
  # Wait action runs on localhost, and does NOT require sudo.
  sudo: false
  tags:
    - reboot

- name: Set sysctl flags for grsecurity.
  sysctl:
    name: "{{ item.name }}"
    value: "{{ item.value }}"
    sysctl_set: yes
    state: present
    reload: yes
  with_items: "{{ grsec_sysctl_flags }}"
  sudo: yes
  tags:
    - hardening
    - grsec
    - sysctl
